
Microsoft Visual Studio Solution File, Format Version 12.00
# Visual Studio 15
VisualStudioVersion = 15.0.28307.1062
MinimumVisualStudioVersion = 10.0.40219.1
Project("{FAE04EC0-301F-11D3-BF4B-00C04F79EFBC}") = "01、Css", "01、Css\01、Css.csproj", "{9F0E4AE7-36E0-4458-952D-E5C0C4B316C7}"
EndProject
Project("{E24C65DC-7377-472B-9ABA-BC803B73C61A}") = "02、WebSite", "02、WebSite\", "{CA94F8F9-DCCB-433F-B87D-9AB1C020B66D}"
	ProjectSection(WebsiteProperties) = preProject
		TargetFrameworkMoniker = ".NETFramework,Version%3Dv4.6.1"
		Debug.AspNetCompiler.VirtualPath = "/localhost_64414"
		Debug.AspNetCompiler.PhysicalPath = "02、WebSite\"
		Debug.AspNetCompiler.TargetPath = "PrecompiledWeb\localhost_64414\"
		Debug.AspNetCompiler.Updateable = "true"
		Debug.AspNetCompiler.ForceOverwrite = "true"
		Debug.AspNetCompiler.FixedNames = "false"
		Debug.AspNetCompiler.Debug = "True"
		Release.AspNetCompiler.VirtualPath = "/localhost_64414"
		Release.AspNetCompiler.PhysicalPath = "02、WebSite\"
		Release.AspNetCompiler.TargetPath = "PrecompiledWeb\localhost_64414\"
		Release.AspNetCompiler.Updateable = "true"
		Release.AspNetCompiler.ForceOverwrite = "true"
		Release.AspNetCompiler.FixedNames = "false"
		Release.AspNetCompiler.Debug = "False"
		VWDPort = "64414"
		SlnRelativePath = "02、WebSite\"
		DefaultWebSiteLanguage = "Visual C#"
	EndProjectSection
EndProject
Global
	GlobalSection(SolutionConfigurationPlatforms) = preSolution
		Debug|Any CPU = Debug|Any CPU
		Release|Any CPU = Release|Any CPU
	EndGlobalSection
	GlobalSection(ProjectConfigurationPlatforms) = postSolution
		{9F0E4AE7-36E0-4458-952D-E5C0C4B316C7}.Debug|Any CPU.ActiveCfg = Debug|Any CPU
		{9F0E4AE7-36E0-4458-952D-E5C0C4B316C7}.Debug|Any CPU.Build.0 = Debug|Any CPU
		{9F0E4AE7-36E0-4458-952D-E5C0C4B316C7}.Release|Any CPU.ActiveCfg = Release|Any CPU
		{9F0E4AE7-36E0-4458-952D-E5C0C4B316C7}.Release|Any CPU.Build.0 = Release|Any CPU
		{CA94F8F9-DCCB-433F-B87D-9AB1C020B66D}.Debug|Any CPU.ActiveCfg = Debug|Any CPU
		{CA94F8F9-DCCB-433F-B87D-9AB1C020B66D}.Debug|Any CPU.Build.0 = Debug|Any CPU
		{CA94F8F9-DCCB-433F-B87D-9AB1C020B66D}.Release|Any CPU.ActiveCfg = Debug|Any CPU
		{CA94F8F9-DCCB-433F-B87D-9AB1C020B66D}.Release|Any CPU.Build.0 = Debug|Any CPU
	EndGlobalSection
	GlobalSection(SolutionProperties) = preSolution
		HideSolutionNode = FALSE
	EndGlobalSection
	GlobalSection(ExtensibilityGlobals) = postSolution
		SolutionGuid = {6A52BBF4-6F99-4B5B-9461-A73B845B5281}
	EndGlobalSection
EndGlobal
