
Microsoft Visual Studio Solution File, Format Version 12.00
# Visual Studio 15
VisualStudioVersion = 15.0.28307.902
MinimumVisualStudioVersion = 10.0.40219.1
Project("{FAE04EC0-301F-11D3-BF4B-00C04F79EFBC}") = "app", "app\app.csproj", "{F5CDCE61-4CA1-4B75-B007-76C13DA5F659}"
EndProject
Project("{FAE04EC0-301F-11D3-BF4B-00C04F79EFBC}") = "Test", "Test\Test.csproj", "{9580EFD4-96C7-489E-B10C-B956B9B89130}"
EndProject
Global
	GlobalSection(SolutionConfigurationPlatforms) = preSolution
		Debug|Any CPU = Debug|Any CPU
		Release|Any CPU = Release|Any CPU
	EndGlobalSection
	GlobalSection(ProjectConfigurationPlatforms) = postSolution
		{F5CDCE61-4CA1-4B75-B007-76C13DA5F659}.Debug|Any CPU.ActiveCfg = Debug|Any CPU
		{F5CDCE61-4CA1-4B75-B007-76C13DA5F659}.Debug|Any CPU.Build.0 = Debug|Any CPU
		{F5CDCE61-4CA1-4B75-B007-76C13DA5F659}.Release|Any CPU.ActiveCfg = Release|Any CPU
		{F5CDCE61-4CA1-4B75-B007-76C13DA5F659}.Release|Any CPU.Build.0 = Release|Any CPU
		{9580EFD4-96C7-489E-B10C-B956B9B89130}.Debug|Any CPU.ActiveCfg = Debug|Any CPU
		{9580EFD4-96C7-489E-B10C-B956B9B89130}.Debug|Any CPU.Build.0 = Debug|Any CPU
		{9580EFD4-96C7-489E-B10C-B956B9B89130}.Release|Any CPU.ActiveCfg = Release|Any CPU
		{9580EFD4-96C7-489E-B10C-B956B9B89130}.Release|Any CPU.Build.0 = Release|Any CPU
	EndGlobalSection
	GlobalSection(SolutionProperties) = preSolution
		HideSolutionNode = FALSE
	EndGlobalSection
	GlobalSection(ExtensibilityGlobals) = postSolution
		SolutionGuid = {748D8770-1907-44FC-9207-B8A2DBA72941}
	EndGlobalSection
EndGlobal
