
Microsoft Visual Studio Solution File, Format Version 12.00
# Visual Studio 15
VisualStudioVersion = 15.0.28307.1062
MinimumVisualStudioVersion = 10.0.40219.1
Project("{FAE04EC0-301F-11D3-BF4B-00C04F79EFBC}") = "1、File_Path_Directory", "1、File_Path_Directory\1、File_Path_Directory.csproj", "{ADE62DBC-8280-4C55-9C12-18F35CBC3CA7}"
EndProject
Project("{FAE04EC0-301F-11D3-BF4B-00C04F79EFBC}") = "2、序列化", "2、序列化\2、序列化.csproj", "{A78F586F-0CF3-4FAC-86ED-32EB774CCA98}"
EndProject
Project("{FAE04EC0-301F-11D3-BF4B-00C04F79EFBC}") = "3、单例模式", "3、单例模式\3、单例模式.csproj", "{B1F59A9B-1CF0-47C2-9B56-3BC86261F040}"
EndProject
Global
	GlobalSection(SolutionConfigurationPlatforms) = preSolution
		Debug|Any CPU = Debug|Any CPU
		Release|Any CPU = Release|Any CPU
	EndGlobalSection
	GlobalSection(ProjectConfigurationPlatforms) = postSolution
		{ADE62DBC-8280-4C55-9C12-18F35CBC3CA7}.Debug|Any CPU.ActiveCfg = Debug|Any CPU
		{ADE62DBC-8280-4C55-9C12-18F35CBC3CA7}.Debug|Any CPU.Build.0 = Debug|Any CPU
		{ADE62DBC-8280-4C55-9C12-18F35CBC3CA7}.Release|Any CPU.ActiveCfg = Release|Any CPU
		{ADE62DBC-8280-4C55-9C12-18F35CBC3CA7}.Release|Any CPU.Build.0 = Release|Any CPU
		{A78F586F-0CF3-4FAC-86ED-32EB774CCA98}.Debug|Any CPU.ActiveCfg = Debug|Any CPU
		{A78F586F-0CF3-4FAC-86ED-32EB774CCA98}.Debug|Any CPU.Build.0 = Debug|Any CPU
		{A78F586F-0CF3-4FAC-86ED-32EB774CCA98}.Release|Any CPU.ActiveCfg = Release|Any CPU
		{A78F586F-0CF3-4FAC-86ED-32EB774CCA98}.Release|Any CPU.Build.0 = Release|Any CPU
		{B1F59A9B-1CF0-47C2-9B56-3BC86261F040}.Debug|Any CPU.ActiveCfg = Debug|Any CPU
		{B1F59A9B-1CF0-47C2-9B56-3BC86261F040}.Debug|Any CPU.Build.0 = Debug|Any CPU
		{B1F59A9B-1CF0-47C2-9B56-3BC86261F040}.Release|Any CPU.ActiveCfg = Release|Any CPU
		{B1F59A9B-1CF0-47C2-9B56-3BC86261F040}.Release|Any CPU.Build.0 = Release|Any CPU
	EndGlobalSection
	GlobalSection(SolutionProperties) = preSolution
		HideSolutionNode = FALSE
	EndGlobalSection
	GlobalSection(ExtensibilityGlobals) = postSolution
		SolutionGuid = {41943CF2-B010-481F-945F-AED0535C36E2}
	EndGlobalSection
EndGlobal
