
Microsoft Visual Studio Solution File, Format Version 12.00
# Visual Studio 15
VisualStudioVersion = 15.0.28307.1062
MinimumVisualStudioVersion = 10.0.40219.1
Project("{9A19103F-16F7-4668-BE54-9A1E7A4F7556}") = "ProcessClass", "ProcessClass\ProcessClass.csproj", "{5B572080-B677-4350-ADC1-064C1776040C}"
EndProject
Project("{FAE04EC0-301F-11D3-BF4B-00C04F79EFBC}") = "02ThreadClass", "02ThreadClass\02ThreadClass.csproj", "{72021CBD-A19D-4666-8F74-CA4AEFF1E82E}"
EndProject
Project("{FAE04EC0-301F-11D3-BF4B-00C04F79EFBC}") = "03、摇奖机", "03、摇奖机\03、摇奖机.csproj", "{6595E426-5B98-40E2-A81C-F31FFC2E1894}"
EndProject
Project("{FAE04EC0-301F-11D3-BF4B-00C04F79EFBC}") = "04、Socket", "04、Socket\04、Socket.csproj", "{DAF76AFF-0091-4E64-91C4-14629E786E3D}"
EndProject
Project("{FAE04EC0-301F-11D3-BF4B-00C04F79EFBC}") = "05、SocketClient", "05、SocketClient\05、SocketClient.csproj", "{6AB6FB37-872B-4822-A8CE-B25D0657D847}"
EndProject
Global
	GlobalSection(SolutionConfigurationPlatforms) = preSolution
		Debug|Any CPU = Debug|Any CPU
		Release|Any CPU = Release|Any CPU
	EndGlobalSection
	GlobalSection(ProjectConfigurationPlatforms) = postSolution
		{5B572080-B677-4350-ADC1-064C1776040C}.Debug|Any CPU.ActiveCfg = Debug|Any CPU
		{5B572080-B677-4350-ADC1-064C1776040C}.Debug|Any CPU.Build.0 = Debug|Any CPU
		{5B572080-B677-4350-ADC1-064C1776040C}.Release|Any CPU.ActiveCfg = Release|Any CPU
		{5B572080-B677-4350-ADC1-064C1776040C}.Release|Any CPU.Build.0 = Release|Any CPU
		{72021CBD-A19D-4666-8F74-CA4AEFF1E82E}.Debug|Any CPU.ActiveCfg = Debug|Any CPU
		{72021CBD-A19D-4666-8F74-CA4AEFF1E82E}.Debug|Any CPU.Build.0 = Debug|Any CPU
		{72021CBD-A19D-4666-8F74-CA4AEFF1E82E}.Release|Any CPU.ActiveCfg = Release|Any CPU
		{72021CBD-A19D-4666-8F74-CA4AEFF1E82E}.Release|Any CPU.Build.0 = Release|Any CPU
		{6595E426-5B98-40E2-A81C-F31FFC2E1894}.Debug|Any CPU.ActiveCfg = Debug|Any CPU
		{6595E426-5B98-40E2-A81C-F31FFC2E1894}.Debug|Any CPU.Build.0 = Debug|Any CPU
		{6595E426-5B98-40E2-A81C-F31FFC2E1894}.Release|Any CPU.ActiveCfg = Release|Any CPU
		{6595E426-5B98-40E2-A81C-F31FFC2E1894}.Release|Any CPU.Build.0 = Release|Any CPU
		{DAF76AFF-0091-4E64-91C4-14629E786E3D}.Debug|Any CPU.ActiveCfg = Debug|Any CPU
		{DAF76AFF-0091-4E64-91C4-14629E786E3D}.Debug|Any CPU.Build.0 = Debug|Any CPU
		{DAF76AFF-0091-4E64-91C4-14629E786E3D}.Release|Any CPU.ActiveCfg = Release|Any CPU
		{DAF76AFF-0091-4E64-91C4-14629E786E3D}.Release|Any CPU.Build.0 = Release|Any CPU
		{6AB6FB37-872B-4822-A8CE-B25D0657D847}.Debug|Any CPU.ActiveCfg = Debug|Any CPU
		{6AB6FB37-872B-4822-A8CE-B25D0657D847}.Debug|Any CPU.Build.0 = Debug|Any CPU
		{6AB6FB37-872B-4822-A8CE-B25D0657D847}.Release|Any CPU.ActiveCfg = Release|Any CPU
		{6AB6FB37-872B-4822-A8CE-B25D0657D847}.Release|Any CPU.Build.0 = Release|Any CPU
	EndGlobalSection
	GlobalSection(SolutionProperties) = preSolution
		HideSolutionNode = FALSE
	EndGlobalSection
	GlobalSection(ExtensibilityGlobals) = postSolution
		SolutionGuid = {F13F6C93-D387-4817-AC65-76565F2BE5FA}
	EndGlobalSection
EndGlobal
