
Microsoft Visual Studio Solution File, Format Version 12.00
# Visual Studio 15
VisualStudioVersion = 15.0.28307.1062
MinimumVisualStudioVersion = 10.0.40219.1
Project("{FAE04EC0-301F-11D3-BF4B-00C04F79EFBC}") = "01、Graphics", "01、Graphics\01、Graphics.csproj", "{0B9D4234-7625-4928-879C-FF8335739507}"
EndProject
Project("{FAE04EC0-301F-11D3-BF4B-00C04F79EFBC}") = "02、验证码", "02、验证码\02、验证码.csproj", "{55C18622-AEF4-4655-B7AA-C8F14CAC9BD7}"
EndProject
Global
	GlobalSection(SolutionConfigurationPlatforms) = preSolution
		Debug|Any CPU = Debug|Any CPU
		Release|Any CPU = Release|Any CPU
	EndGlobalSection
	GlobalSection(ProjectConfigurationPlatforms) = postSolution
		{0B9D4234-7625-4928-879C-FF8335739507}.Debug|Any CPU.ActiveCfg = Debug|Any CPU
		{0B9D4234-7625-4928-879C-FF8335739507}.Debug|Any CPU.Build.0 = Debug|Any CPU
		{0B9D4234-7625-4928-879C-FF8335739507}.Release|Any CPU.ActiveCfg = Release|Any CPU
		{0B9D4234-7625-4928-879C-FF8335739507}.Release|Any CPU.Build.0 = Release|Any CPU
		{55C18622-AEF4-4655-B7AA-C8F14CAC9BD7}.Debug|Any CPU.ActiveCfg = Debug|Any CPU
		{55C18622-AEF4-4655-B7AA-C8F14CAC9BD7}.Debug|Any CPU.Build.0 = Debug|Any CPU
		{55C18622-AEF4-4655-B7AA-C8F14CAC9BD7}.Release|Any CPU.ActiveCfg = Release|Any CPU
		{55C18622-AEF4-4655-B7AA-C8F14CAC9BD7}.Release|Any CPU.Build.0 = Release|Any CPU
	EndGlobalSection
	GlobalSection(SolutionProperties) = preSolution
		HideSolutionNode = FALSE
	EndGlobalSection
	GlobalSection(ExtensibilityGlobals) = postSolution
		SolutionGuid = {3463302D-8966-41D3-858C-563D6E225233}
	EndGlobalSection
EndGlobal
