
Microsoft Visual Studio Solution File, Format Version 12.00
# Visual Studio 15
VisualStudioVersion = 15.0.28307.1062
MinimumVisualStudioVersion = 10.0.40219.1
Project("{FAE04EC0-301F-11D3-BF4B-00C04F79EFBC}") = "01、Asp.net复习", "01、Asp.net复习\01、Asp.net复习.csproj", "{5D74AEE3-CA37-4F99-A27D-EF2B2DCF1CCF}"
EndProject
Project("{FAE04EC0-301F-11D3-BF4B-00C04F79EFBC}") = "02、MD5", "02、MD5\02、MD5.csproj", "{2A9DF54C-6E82-4EA1-86C4-3AC33AFA492B}"
EndProject
Project("{FAE04EC0-301F-11D3-BF4B-00C04F79EFBC}") = "03、NPIO", "03、NPIO\03、NPIO.csproj", "{3665540B-CC80-463C-AE3C-51F351747CC4}"
EndProject
Project("{FAE04EC0-301F-11D3-BF4B-00C04F79EFBC}") = "WebApplication1", "WebApplication1\WebApplication1.csproj", "{14DB956E-44CE-4A99-AE42-76011BEFB4FC}"
EndProject
Project("{FAE04EC0-301F-11D3-BF4B-00C04F79EFBC}") = "WebApplication2", "WebApplication2\WebApplication2.csproj", "{949B5520-CE14-4FF1-A35E-88318E6BFEDD}"
EndProject
Global
	GlobalSection(SolutionConfigurationPlatforms) = preSolution
		Debug|Any CPU = Debug|Any CPU
		Debug|ARM = Debug|ARM
		Debug|ARM64 = Debug|ARM64
		Debug|x64 = Debug|x64
		Debug|x86 = Debug|x86
		Release|Any CPU = Release|Any CPU
		Release|ARM = Release|ARM
		Release|ARM64 = Release|ARM64
		Release|x64 = Release|x64
		Release|x86 = Release|x86
	EndGlobalSection
	GlobalSection(ProjectConfigurationPlatforms) = postSolution
		{5D74AEE3-CA37-4F99-A27D-EF2B2DCF1CCF}.Debug|Any CPU.ActiveCfg = Debug|Any CPU
		{5D74AEE3-CA37-4F99-A27D-EF2B2DCF1CCF}.Debug|Any CPU.Build.0 = Debug|Any CPU
		{5D74AEE3-CA37-4F99-A27D-EF2B2DCF1CCF}.Debug|ARM.ActiveCfg = Debug|Any CPU
		{5D74AEE3-CA37-4F99-A27D-EF2B2DCF1CCF}.Debug|ARM.Build.0 = Debug|Any CPU
		{5D74AEE3-CA37-4F99-A27D-EF2B2DCF1CCF}.Debug|ARM64.ActiveCfg = Debug|Any CPU
		{5D74AEE3-CA37-4F99-A27D-EF2B2DCF1CCF}.Debug|ARM64.Build.0 = Debug|Any CPU
		{5D74AEE3-CA37-4F99-A27D-EF2B2DCF1CCF}.Debug|x64.ActiveCfg = Debug|Any CPU
		{5D74AEE3-CA37-4F99-A27D-EF2B2DCF1CCF}.Debug|x64.Build.0 = Debug|Any CPU
		{5D74AEE3-CA37-4F99-A27D-EF2B2DCF1CCF}.Debug|x86.ActiveCfg = Debug|Any CPU
		{5D74AEE3-CA37-4F99-A27D-EF2B2DCF1CCF}.Debug|x86.Build.0 = Debug|Any CPU
		{5D74AEE3-CA37-4F99-A27D-EF2B2DCF1CCF}.Release|Any CPU.ActiveCfg = Release|Any CPU
		{5D74AEE3-CA37-4F99-A27D-EF2B2DCF1CCF}.Release|Any CPU.Build.0 = Release|Any CPU
		{5D74AEE3-CA37-4F99-A27D-EF2B2DCF1CCF}.Release|ARM.ActiveCfg = Release|Any CPU
		{5D74AEE3-CA37-4F99-A27D-EF2B2DCF1CCF}.Release|ARM.Build.0 = Release|Any CPU
		{5D74AEE3-CA37-4F99-A27D-EF2B2DCF1CCF}.Release|ARM64.ActiveCfg = Release|Any CPU
		{5D74AEE3-CA37-4F99-A27D-EF2B2DCF1CCF}.Release|ARM64.Build.0 = Release|Any CPU
		{5D74AEE3-CA37-4F99-A27D-EF2B2DCF1CCF}.Release|x64.ActiveCfg = Release|Any CPU
		{5D74AEE3-CA37-4F99-A27D-EF2B2DCF1CCF}.Release|x64.Build.0 = Release|Any CPU
		{5D74AEE3-CA37-4F99-A27D-EF2B2DCF1CCF}.Release|x86.ActiveCfg = Release|Any CPU
		{5D74AEE3-CA37-4F99-A27D-EF2B2DCF1CCF}.Release|x86.Build.0 = Release|Any CPU
		{2A9DF54C-6E82-4EA1-86C4-3AC33AFA492B}.Debug|Any CPU.ActiveCfg = Debug|Any CPU
		{2A9DF54C-6E82-4EA1-86C4-3AC33AFA492B}.Debug|Any CPU.Build.0 = Debug|Any CPU
		{2A9DF54C-6E82-4EA1-86C4-3AC33AFA492B}.Debug|ARM.ActiveCfg = Debug|Any CPU
		{2A9DF54C-6E82-4EA1-86C4-3AC33AFA492B}.Debug|ARM.Build.0 = Debug|Any CPU
		{2A9DF54C-6E82-4EA1-86C4-3AC33AFA492B}.Debug|ARM64.ActiveCfg = Debug|Any CPU
		{2A9DF54C-6E82-4EA1-86C4-3AC33AFA492B}.Debug|ARM64.Build.0 = Debug|Any CPU
		{2A9DF54C-6E82-4EA1-86C4-3AC33AFA492B}.Debug|x64.ActiveCfg = Debug|Any CPU
		{2A9DF54C-6E82-4EA1-86C4-3AC33AFA492B}.Debug|x64.Build.0 = Debug|Any CPU
		{2A9DF54C-6E82-4EA1-86C4-3AC33AFA492B}.Debug|x86.ActiveCfg = Debug|Any CPU
		{2A9DF54C-6E82-4EA1-86C4-3AC33AFA492B}.Debug|x86.Build.0 = Debug|Any CPU
		{2A9DF54C-6E82-4EA1-86C4-3AC33AFA492B}.Release|Any CPU.ActiveCfg = Release|Any CPU
		{2A9DF54C-6E82-4EA1-86C4-3AC33AFA492B}.Release|Any CPU.Build.0 = Release|Any CPU
		{2A9DF54C-6E82-4EA1-86C4-3AC33AFA492B}.Release|ARM.ActiveCfg = Release|Any CPU
		{2A9DF54C-6E82-4EA1-86C4-3AC33AFA492B}.Release|ARM.Build.0 = Release|Any CPU
		{2A9DF54C-6E82-4EA1-86C4-3AC33AFA492B}.Release|ARM64.ActiveCfg = Release|Any CPU
		{2A9DF54C-6E82-4EA1-86C4-3AC33AFA492B}.Release|ARM64.Build.0 = Release|Any CPU
		{2A9DF54C-6E82-4EA1-86C4-3AC33AFA492B}.Release|x64.ActiveCfg = Release|Any CPU
		{2A9DF54C-6E82-4EA1-86C4-3AC33AFA492B}.Release|x64.Build.0 = Release|Any CPU
		{2A9DF54C-6E82-4EA1-86C4-3AC33AFA492B}.Release|x86.ActiveCfg = Release|Any CPU
		{2A9DF54C-6E82-4EA1-86C4-3AC33AFA492B}.Release|x86.Build.0 = Release|Any CPU
		{3665540B-CC80-463C-AE3C-51F351747CC4}.Debug|Any CPU.ActiveCfg = Debug|Any CPU
		{3665540B-CC80-463C-AE3C-51F351747CC4}.Debug|Any CPU.Build.0 = Debug|Any CPU
		{3665540B-CC80-463C-AE3C-51F351747CC4}.Debug|ARM.ActiveCfg = Debug|Any CPU
		{3665540B-CC80-463C-AE3C-51F351747CC4}.Debug|ARM.Build.0 = Debug|Any CPU
		{3665540B-CC80-463C-AE3C-51F351747CC4}.Debug|ARM64.ActiveCfg = Debug|Any CPU
		{3665540B-CC80-463C-AE3C-51F351747CC4}.Debug|ARM64.Build.0 = Debug|Any CPU
		{3665540B-CC80-463C-AE3C-51F351747CC4}.Debug|x64.ActiveCfg = Debug|Any CPU
		{3665540B-CC80-463C-AE3C-51F351747CC4}.Debug|x64.Build.0 = Debug|Any CPU
		{3665540B-CC80-463C-AE3C-51F351747CC4}.Debug|x86.ActiveCfg = Debug|Any CPU
		{3665540B-CC80-463C-AE3C-51F351747CC4}.Debug|x86.Build.0 = Debug|Any CPU
		{3665540B-CC80-463C-AE3C-51F351747CC4}.Release|Any CPU.ActiveCfg = Release|Any CPU
		{3665540B-CC80-463C-AE3C-51F351747CC4}.Release|Any CPU.Build.0 = Release|Any CPU
		{3665540B-CC80-463C-AE3C-51F351747CC4}.Release|ARM.ActiveCfg = Release|Any CPU
		{3665540B-CC80-463C-AE3C-51F351747CC4}.Release|ARM.Build.0 = Release|Any CPU
		{3665540B-CC80-463C-AE3C-51F351747CC4}.Release|ARM64.ActiveCfg = Release|Any CPU
		{3665540B-CC80-463C-AE3C-51F351747CC4}.Release|ARM64.Build.0 = Release|Any CPU
		{3665540B-CC80-463C-AE3C-51F351747CC4}.Release|x64.ActiveCfg = Release|Any CPU
		{3665540B-CC80-463C-AE3C-51F351747CC4}.Release|x64.Build.0 = Release|Any CPU
		{3665540B-CC80-463C-AE3C-51F351747CC4}.Release|x86.ActiveCfg = Release|Any CPU
		{3665540B-CC80-463C-AE3C-51F351747CC4}.Release|x86.Build.0 = Release|Any CPU
		{14DB956E-44CE-4A99-AE42-76011BEFB4FC}.Debug|Any CPU.ActiveCfg = Debug|Any CPU
		{14DB956E-44CE-4A99-AE42-76011BEFB4FC}.Debug|Any CPU.Build.0 = Debug|Any CPU
		{14DB956E-44CE-4A99-AE42-76011BEFB4FC}.Debug|ARM.ActiveCfg = Debug|Any CPU
		{14DB956E-44CE-4A99-AE42-76011BEFB4FC}.Debug|ARM.Build.0 = Debug|Any CPU
		{14DB956E-44CE-4A99-AE42-76011BEFB4FC}.Debug|ARM64.ActiveCfg = Debug|Any CPU
		{14DB956E-44CE-4A99-AE42-76011BEFB4FC}.Debug|ARM64.Build.0 = Debug|Any CPU
		{14DB956E-44CE-4A99-AE42-76011BEFB4FC}.Debug|x64.ActiveCfg = Debug|Any CPU
		{14DB956E-44CE-4A99-AE42-76011BEFB4FC}.Debug|x64.Build.0 = Debug|Any CPU
		{14DB956E-44CE-4A99-AE42-76011BEFB4FC}.Debug|x86.ActiveCfg = Debug|Any CPU
		{14DB956E-44CE-4A99-AE42-76011BEFB4FC}.Debug|x86.Build.0 = Debug|Any CPU
		{14DB956E-44CE-4A99-AE42-76011BEFB4FC}.Release|Any CPU.ActiveCfg = Release|Any CPU
		{14DB956E-44CE-4A99-AE42-76011BEFB4FC}.Release|Any CPU.Build.0 = Release|Any CPU
		{14DB956E-44CE-4A99-AE42-76011BEFB4FC}.Release|ARM.ActiveCfg = Release|Any CPU
		{14DB956E-44CE-4A99-AE42-76011BEFB4FC}.Release|ARM.Build.0 = Release|Any CPU
		{14DB956E-44CE-4A99-AE42-76011BEFB4FC}.Release|ARM64.ActiveCfg = Release|Any CPU
		{14DB956E-44CE-4A99-AE42-76011BEFB4FC}.Release|ARM64.Build.0 = Release|Any CPU
		{14DB956E-44CE-4A99-AE42-76011BEFB4FC}.Release|x64.ActiveCfg = Release|Any CPU
		{14DB956E-44CE-4A99-AE42-76011BEFB4FC}.Release|x64.Build.0 = Release|Any CPU
		{14DB956E-44CE-4A99-AE42-76011BEFB4FC}.Release|x86.ActiveCfg = Release|Any CPU
		{14DB956E-44CE-4A99-AE42-76011BEFB4FC}.Release|x86.Build.0 = Release|Any CPU
		{949B5520-CE14-4FF1-A35E-88318E6BFEDD}.Debug|Any CPU.ActiveCfg = Debug|Any CPU
		{949B5520-CE14-4FF1-A35E-88318E6BFEDD}.Debug|Any CPU.Build.0 = Debug|Any CPU
		{949B5520-CE14-4FF1-A35E-88318E6BFEDD}.Debug|ARM.ActiveCfg = Debug|Any CPU
		{949B5520-CE14-4FF1-A35E-88318E6BFEDD}.Debug|ARM.Build.0 = Debug|Any CPU
		{949B5520-CE14-4FF1-A35E-88318E6BFEDD}.Debug|ARM64.ActiveCfg = Debug|Any CPU
		{949B5520-CE14-4FF1-A35E-88318E6BFEDD}.Debug|ARM64.Build.0 = Debug|Any CPU
		{949B5520-CE14-4FF1-A35E-88318E6BFEDD}.Debug|x64.ActiveCfg = Debug|Any CPU
		{949B5520-CE14-4FF1-A35E-88318E6BFEDD}.Debug|x64.Build.0 = Debug|Any CPU
		{949B5520-CE14-4FF1-A35E-88318E6BFEDD}.Debug|x86.ActiveCfg = Debug|Any CPU
		{949B5520-CE14-4FF1-A35E-88318E6BFEDD}.Debug|x86.Build.0 = Debug|Any CPU
		{949B5520-CE14-4FF1-A35E-88318E6BFEDD}.Release|Any CPU.ActiveCfg = Release|Any CPU
		{949B5520-CE14-4FF1-A35E-88318E6BFEDD}.Release|Any CPU.Build.0 = Release|Any CPU
		{949B5520-CE14-4FF1-A35E-88318E6BFEDD}.Release|ARM.ActiveCfg = Release|Any CPU
		{949B5520-CE14-4FF1-A35E-88318E6BFEDD}.Release|ARM.Build.0 = Release|Any CPU
		{949B5520-CE14-4FF1-A35E-88318E6BFEDD}.Release|ARM64.ActiveCfg = Release|Any CPU
		{949B5520-CE14-4FF1-A35E-88318E6BFEDD}.Release|ARM64.Build.0 = Release|Any CPU
		{949B5520-CE14-4FF1-A35E-88318E6BFEDD}.Release|x64.ActiveCfg = Release|Any CPU
		{949B5520-CE14-4FF1-A35E-88318E6BFEDD}.Release|x64.Build.0 = Release|Any CPU
		{949B5520-CE14-4FF1-A35E-88318E6BFEDD}.Release|x86.ActiveCfg = Release|Any CPU
		{949B5520-CE14-4FF1-A35E-88318E6BFEDD}.Release|x86.Build.0 = Release|Any CPU
	EndGlobalSection
	GlobalSection(SolutionProperties) = preSolution
		HideSolutionNode = FALSE
	EndGlobalSection
	GlobalSection(ExtensibilityGlobals) = postSolution
		SolutionGuid = {F6FC829F-F4FA-43AD-9360-2FE17EEE7940}
	EndGlobalSection
EndGlobal
